
Microsoft Visual Studio Solution File, Format Version 12.00
# Visual Studio 15
Project("{FAE04EC0-301F-11D3-BF4B-00C04F79EFBC}") = "Assembly-CSharp", "Assembly-CSharp.csproj", "{C14CB89F-FC10-B6E1-FE5A-E03FEC45EB9E}"
EndProject
Project("{FAE04EC0-301F-11D3-BF4B-00C04F79EFBC}") = "Google.XR.Cardboard", "Google.XR.Cardboard.csproj", "{F402D6A7-9AFC-F8FE-FECF-9CD57D13C6CD}"
EndProject
Project("{FAE04EC0-301F-11D3-BF4B-00C04F79EFBC}") = "Google.XR.Cardboard.Editor", "Google.XR.Cardboard.Editor.csproj", "{B7BCA061-31F4-26F2-FBFD-0C1004B896DC}"
EndProject
Global
	GlobalSection(SolutionConfigurationPlatforms) = preSolution
		Debug|Any CPU = Debug|Any CPU
		Release|Any CPU = Release|Any CPU
	EndGlobalSection
	GlobalSection(ProjectConfigurationPlatforms) = postSolution
		{C14CB89F-FC10-B6E1-FE5A-E03FEC45EB9E}.Debug|Any CPU.ActiveCfg = Debug|Any CPU
		{C14CB89F-FC10-B6E1-FE5A-E03FEC45EB9E}.Debug|Any CPU.Build.0 = Debug|Any CPU
		{C14CB89F-FC10-B6E1-FE5A-E03FEC45EB9E}.Release|Any CPU.ActiveCfg = Release|Any CPU
		{C14CB89F-FC10-B6E1-FE5A-E03FEC45EB9E}.Release|Any CPU.Build.0 = Release|Any CPU
		{F402D6A7-9AFC-F8FE-FECF-9CD57D13C6CD}.Debug|Any CPU.ActiveCfg = Debug|Any CPU
		{F402D6A7-9AFC-F8FE-FECF-9CD57D13C6CD}.Debug|Any CPU.Build.0 = Debug|Any CPU
		{F402D6A7-9AFC-F8FE-FECF-9CD57D13C6CD}.Release|Any CPU.ActiveCfg = Release|Any CPU
		{F402D6A7-9AFC-F8FE-FECF-9CD57D13C6CD}.Release|Any CPU.Build.0 = Release|Any CPU
		{B7BCA061-31F4-26F2-FBFD-0C1004B896DC}.Debug|Any CPU.ActiveCfg = Debug|Any CPU
		{B7BCA061-31F4-26F2-FBFD-0C1004B896DC}.Debug|Any CPU.Build.0 = Debug|Any CPU
		{B7BCA061-31F4-26F2-FBFD-0C1004B896DC}.Release|Any CPU.ActiveCfg = Release|Any CPU
		{B7BCA061-31F4-26F2-FBFD-0C1004B896DC}.Release|Any CPU.Build.0 = Release|Any CPU
	EndGlobalSection
	GlobalSection(SolutionProperties) = preSolution
		HideSolutionNode = FALSE
	EndGlobalSection
EndGlobal
